# Generated by buf. DO NOT EDIT.
version: v1
deps:
  - remote: buf.build
    owner: cerbos
    repository: cerbos-api
    commit: ca350d97e20f40ae90cb50953b1ba6b5
  - remote: buf.build
    owner: envoyproxy
    repository: protoc-gen-validate
    commit: dc09a417d27241f7b069feae2cd74a0e
  - remote: buf.build
    owner: googleapis
    repository: googleapis
    commit: 0039142542b74d11b0ae5a1e9fd4d523
  - remote: buf.build
    owner: grpc-ecosystem
    repository: grpc-gateway
    commit: ff83506eb9cc4cf8972f49ce87e6ed3e
